<?xml version="1.0" encoding="utf-8"?>
<Project ToolsVersion="4.0" xmlns="http://schemas.microsoft.com/developer/msbuild/2003">
  <ItemGroup>
    <ClCompile Include="main.cpp" />
    <ClCompile Include="Game.cpp" />
    <ClCompile Include="actors\ACell.cpp">
      <Filter>actors</Filter>
    </ClCompile>
    <ClCompile Include="actors\ACharacter.cpp">
      <Filter>actors</Filter>
    </ClCompile>
    <ClCompile Include="actors\Actor.cpp">
      <Filter>actors</Filter>
    </ClCompile>
    <ClCompile Include="actors\AMaze.cpp">
      <Filter>actors</Filter>
    </ClCompile>
    <ClCompile Include="actors\APlayer.cpp">
      <Filter>actors</Filter>
    </ClCompile>
    <ClCompile Include="actors\ARect.cpp">
      <Filter>actors</Filter>
    </ClCompile>
    <ClCompile Include="actors\foes\AChasingFoe.cpp">
      <Filter>actors\foes</Filter>
    </ClCompile>
    <ClCompile Include="actors\foes\ARoamingFoe.cpp">
      <Filter>actors\foes</Filter>
    </ClCompile>
  </ItemGroup>
  <ItemGroup>
    <ClInclude Include="Game.h" />
    <ClInclude Include="types\Dir.h">
      <Filter>types</Filter>
    </ClInclude>
    <ClInclude Include="types\Pos.h">
      <Filter>types</Filter>
    </ClInclude>
    <ClInclude Include="actors\ACell.h">
      <Filter>actors</Filter>
    </ClInclude>
    <ClInclude Include="actors\ACellRoad.h">
      <Filter>actors</Filter>
    </ClInclude>
    <ClInclude Include="actors\ACellWall.h">
      <Filter>actors</Filter>
    </ClInclude>
    <ClInclude Include="actors\ACharacter.h">
      <Filter>actors</Filter>
    </ClInclude>
    <ClInclude Include="actors\Actor.h">
      <Filter>actors</Filter>
    </ClInclude>
    <ClInclude Include="actors\AMaze.h">
      <Filter>actors</Filter>
    </ClInclude>
    <ClInclude Include="actors\APlayer.h">
      <Filter>actors</Filter>
    </ClInclude>
    <ClInclude Include="actors\ARect.h">
      <Filter>actors</Filter>
    </ClInclude>
    <ClInclude Include="types\Types.h">
      <Filter>types</Filter>
    </ClInclude>
    <ClInclude Include="types\Force.h">
      <Filter>types</Filter>
    </ClInclude>
    <ClInclude Include="actors\foes\AChasingFoe.h">
      <Filter>actors\foes</Filter>
    </ClInclude>
    <ClInclude Include="actors\foes\ARoamingFoe.h">
      <Filter>actors\foes</Filter>
    </ClInclude>
  </ItemGroup>
  <ItemGroup>
    <Filter Include="types">
      <UniqueIdentifier>{89cfe889-8911-4c18-b3c4-653c054107b8}</UniqueIdentifier>
    </Filter>
    <Filter Include="actors">
      <UniqueIdentifier>{a93090ea-e636-4e12-b116-6eedd6958619}</UniqueIdentifier>
    </Filter>
    <Filter Include="actors\foes">
      <UniqueIdentifier>{51d5b717-4dac-4390-8660-5225d14c6ea6}</UniqueIdentifier>
    </Filter>
  </ItemGroup>
  <ItemGroup>
    <None Include="..\README.md" />
  </ItemGroup>
</Project>