<?xml version="1.0" encoding="utf-8"?>
<Project ToolsVersion="4.0" xmlns="http://schemas.microsoft.com/developer/msbuild/2003">
  <ItemGroup>
    <ClCompile Include="main.cpp" />
    <ClCompile Include="Game.cpp" />
    <ClCompile Include="Actor.cpp" />
    <ClCompile Include="AMaze.cpp" />
    <ClCompile Include="ARect.cpp" />
    <ClCompile Include="APlayer.cpp" />
    <ClCompile Include="ACharacter.cpp" />
  </ItemGroup>
  <ItemGroup>
    <ClInclude Include="Game.h" />
    <ClInclude Include="Actor.h" />
    <ClInclude Include="AMaze.h" />
    <ClInclude Include="ARect.h" />
    <ClInclude Include="ACell.h" />
    <ClInclude Include="ACellWall.h" />
    <ClInclude Include="ACellRoad.h" />
    <ClInclude Include="APlayer.h" />
    <ClInclude Include="ACharacter.h" />
  </ItemGroup>
</Project>